
Microsoft Visual Studio Solution File, Format Version 12.00
# Visual Studio 14
VisualStudioVersion = 14.0.25420.1
MinimumVisualStudioVersion = 10.0.40219.1
Project("{FAE04EC0-301F-11D3-BF4B-00C04F79EFBC}") = "Ld2buttonLed", "Ld2buttonLed\Ld2buttonLed.csproj", "{F88D5236-31FF-4C73-AEB0-E4DA57D8625D}"
EndProject
Project("{FAE04EC0-301F-11D3-BF4B-00C04F79EFBC}") = "Ld3Server", "Ld3Server\Ld3Server.csproj", "{ACBCD0B7-ECA7-4E32-A810-7CC9A6AD5479}"
EndProject
Project("{FAE04EC0-301F-11D3-BF4B-00C04F79EFBC}") = "Ld3Klients", "Ld2Klients\Ld3Klients.csproj", "{1D40CBD2-6BFE-4024-B158-DB5F1EC93EFD}"
EndProject
Project("{FAE04EC0-301F-11D3-BF4B-00C04F79EFBC}") = "ByteOperations", "ByteOperations\ByteOperations.csproj", "{9937B38D-7E43-4A54-8302-20B19575A08E}"
EndProject
Global
	GlobalSection(SolutionConfigurationPlatforms) = preSolution
		Debug|Any CPU = Debug|Any CPU
		Release|Any CPU = Release|Any CPU
	EndGlobalSection
	GlobalSection(ProjectConfigurationPlatforms) = postSolution
		{F88D5236-31FF-4C73-AEB0-E4DA57D8625D}.Debug|Any CPU.ActiveCfg = Debug|Any CPU
		{F88D5236-31FF-4C73-AEB0-E4DA57D8625D}.Debug|Any CPU.Build.0 = Debug|Any CPU
		{F88D5236-31FF-4C73-AEB0-E4DA57D8625D}.Debug|Any CPU.Deploy.0 = Debug|Any CPU
		{F88D5236-31FF-4C73-AEB0-E4DA57D8625D}.Release|Any CPU.ActiveCfg = Release|Any CPU
		{F88D5236-31FF-4C73-AEB0-E4DA57D8625D}.Release|Any CPU.Build.0 = Release|Any CPU
		{F88D5236-31FF-4C73-AEB0-E4DA57D8625D}.Release|Any CPU.Deploy.0 = Release|Any CPU
		{ACBCD0B7-ECA7-4E32-A810-7CC9A6AD5479}.Debug|Any CPU.ActiveCfg = Debug|Any CPU
		{ACBCD0B7-ECA7-4E32-A810-7CC9A6AD5479}.Debug|Any CPU.Build.0 = Debug|Any CPU
		{ACBCD0B7-ECA7-4E32-A810-7CC9A6AD5479}.Debug|Any CPU.Deploy.0 = Debug|Any CPU
		{ACBCD0B7-ECA7-4E32-A810-7CC9A6AD5479}.Release|Any CPU.ActiveCfg = Release|Any CPU
		{ACBCD0B7-ECA7-4E32-A810-7CC9A6AD5479}.Release|Any CPU.Build.0 = Release|Any CPU
		{ACBCD0B7-ECA7-4E32-A810-7CC9A6AD5479}.Release|Any CPU.Deploy.0 = Release|Any CPU
		{1D40CBD2-6BFE-4024-B158-DB5F1EC93EFD}.Debug|Any CPU.ActiveCfg = Debug|Any CPU
		{1D40CBD2-6BFE-4024-B158-DB5F1EC93EFD}.Debug|Any CPU.Build.0 = Debug|Any CPU
		{1D40CBD2-6BFE-4024-B158-DB5F1EC93EFD}.Release|Any CPU.ActiveCfg = Release|Any CPU
		{1D40CBD2-6BFE-4024-B158-DB5F1EC93EFD}.Release|Any CPU.Build.0 = Release|Any CPU
		{9937B38D-7E43-4A54-8302-20B19575A08E}.Debug|Any CPU.ActiveCfg = Debug|Any CPU
		{9937B38D-7E43-4A54-8302-20B19575A08E}.Debug|Any CPU.Build.0 = Debug|Any CPU
		{9937B38D-7E43-4A54-8302-20B19575A08E}.Release|Any CPU.ActiveCfg = Release|Any CPU
		{9937B38D-7E43-4A54-8302-20B19575A08E}.Release|Any CPU.Build.0 = Release|Any CPU
	EndGlobalSection
	GlobalSection(SolutionProperties) = preSolution
		HideSolutionNode = FALSE
	EndGlobalSection
EndGlobal
